{
  "originHash" : "f1a2afdc00650bc43fdcea7012ad7dbee7bce8dccc9a4e89112ec8032a1beb7f",
  "pins" : [
    {
      "identity" : "oddsfeature",
      "kind" : "remoteSourceControl",
      "location" : "https://github.com/Hugo-Coutinho/OddsFeature.git",
      "state" : {
        "revision" : "6c745b25313fa96863000003572cf207f8bbf038",
        "version" : "1.0.0"
      }
    }
  ],
  "version" : 3
}
